// !$*UTF8*$!
{
	archiveVersion = 1;
	classes = {
	};
	objectVersion = 56;
	objects = {

/* Begin PBXBuildFile section */
		0194D25DE4933223F1FD5C63 /* AppDelegate.swift in Sources */ = {isa = PBXBuildFile; fileRef = 178E2B8E17719705B9B76D0D /* AppDelegate.swift */; };
		0A1B2C3D4E5F6A7B8C9D0E1F /* ShareExtensionHandler.swift in Sources */ = {isa = PBXBuildFile; fileRef = 1A2B3C4D5E6F7A8B9C0D1E2F /* ShareExtensionHandler.swift */; };
		1DA73C1450D667169FA7796B /* APIKeyConfigView.swift in Sources */ = {isa = PBXBuildFile; fileRef = CCD56356D29E04036FEB3B18 /* APIKeyConfigView.swift */; };
		1ED9AE877F6B92AE3A311987 /* SettingsView.swift in Sources */ = {isa = PBXBuildFile; fileRef = 5FE0F01778A82A0CDF274BF0 /* SettingsView.swift */; };
		202ECEBA48841EAB8D168BB9 /* Document.swift in Sources */ = {isa = PBXBuildFile; fileRef = D72A05CEA76127CDE65DB96E /* Document.swift */; };
		2307C848FE02329AF1A37739 /* CosyVoiceService.swift in Sources */ = {isa = PBXBuildFile; fileRef = CD2FF9A9B2611C44593160A1 /* CosyVoiceService.swift */; };
		349299CC2B017ABC5EFBD828 /* PlayerView.swift in Sources */ = {isa = PBXBuildFile; fileRef = 353FF0E7B7908D487C2B608E /* PlayerView.swift */; };
		486F6C074A4A4FD29807A0AB /* ErrorHandler.swift in Sources */ = {isa = PBXBuildFile; fileRef = B5FDB6D803CD345BCC10A093 /* ErrorHandler.swift */; };
		4E93C25917D659F4C7B4E091 /* AudioSessionService.swift in Sources */ = {isa = PBXBuildFile; fileRef = 2B96D7B260A7F7AE01CBF76A /* AudioSessionService.swift */; };
		540FA32216B147CD834BCBA1 /* ThemeManager.swift in Sources */ = {isa = PBXBuildFile; fileRef = F0DA3FA5CB454C77B3E28FA6 /* ThemeManager.swift */; };
		553ECC30484D9C731164235D /* DocumentPicker.swift in Sources */ = {isa = PBXBuildFile; fileRef = 3FEEB5DCA74C026513A9C662 /* DocumentPicker.swift */; };
		61FB6C58D0D46A5E28B16618 /* VoiceSelectView.swift in Sources */ = {isa = PBXBuildFile; fileRef = A1FF96F1D51F3ADFDC9934A4 /* VoiceSelectView.swift */; };
		70514E4AEF136CEC171294B2 /* ClonedVoice.swift in Sources */ = {isa = PBXBuildFile; fileRef = BD165D274BDD6BC995863DCB /* ClonedVoice.swift */; };
		75628E832B173A79A78C0748 /* ContentView.swift in Sources */ = {isa = PBXBuildFile; fileRef = 41D103445FE21E8FBB0D7ACE /* ContentView.swift */; };
		77281A89A8ECA8D030EF80BC /* SpeechSynthesizerProtocol.swift in Sources */ = {isa = PBXBuildFile; fileRef = 51F2B740A37D27FAB273081B /* SpeechSynthesizerProtocol.swift */; };
		95F9774DA2884E0E2618AEBD /* VoiceConfig.swift in Sources */ = {isa = PBXBuildFile; fileRef = 4B997CE9364FC87DE4EA6A8F /* VoiceConfig.swift */; };
		9CD5C7E64BF5AF50AE79E892 /* LanguageDetector.swift in Sources */ = {isa = PBXBuildFile; fileRef = 2E767185A460A5B10E3903F8 /* LanguageDetector.swift */; };
		A1B2C3D4E5F6A7B8C9D0E1F2 /* ShareViewController.swift in Sources */ = {isa = PBXBuildFile; fileRef = B2C3D4E5F6A7B8C9D0E1F2A3 /* ShareViewController.swift */; };
		A55B319EC4410490DB345C29 /* PlayerControlsView.swift in Sources */ = {isa = PBXBuildFile; fileRef = 41E7259B8612CC32A8F21C00 /* PlayerControlsView.swift */; };
		ACF2CBD6D61B4FB18C7E0CFF /* ThemeMode.swift in Sources */ = {isa = PBXBuildFile; fileRef = 24681123362549C2B5920A14 /* ThemeMode.swift */; };
		AEF3E69053B4F3DFC9AA3FF3 /* SpeakerViewModel.swift in Sources */ = {isa = PBXBuildFile; fileRef = 010FCAC7A1C418C1FDDD0BC3 /* SpeakerViewModel.swift */; };
		B03CB3DF4ECE98746FDBE028 /* CosyVoiceSynthesizer.swift in Sources */ = {isa = PBXBuildFile; fileRef = 9BE56C7556829E5992850159 /* CosyVoiceSynthesizer.swift */; };
		B65186DFA68CAA0110AF98C2 /* DocumentRowView.swift in Sources */ = {isa = PBXBuildFile; fileRef = 40292C37BB6F714942F65E06 /* DocumentRowView.swift */; };
		BFFF14D99BE365358D80FA0A /* PlaybackState.swift in Sources */ = {isa = PBXBuildFile; fileRef = 9F39EF664636F59FD1FA5C2D /* PlaybackState.swift */; };
		CB35E63DC4A50F5311668C62 /* AISummaryService.swift in Sources */ = {isa = PBXBuildFile; fileRef = 2108F219FDC474BFC8A00E14 /* AISummaryService.swift */; };
		E119FF079BDE6F116F9DE819 /* SummaryResult.swift in Sources */ = {isa = PBXBuildFile; fileRef = 2741B587F01BE600A64A0CDF /* SummaryResult.swift */; };
		E3BF88FE6254C99735AA5ABC /* DocumentListView.swift in Sources */ = {isa = PBXBuildFile; fileRef = 49A3001B76A7D375719E9CF4 /* DocumentListView.swift */; };
		E448FACB9627E10892C3E3B0 /* TextExtractionService.swift in Sources */ = {isa = PBXBuildFile; fileRef = DF9D95D8AAA6880C262B67BF /* TextExtractionService.swift */; };
		E69554A142DFDE312E8A54E8 /* NowPlayingService.swift in Sources */ = {isa = PBXBuildFile; fileRef = 4F996F2721C427DC1CFE8803 /* NowPlayingService.swift */; };
		EB15D8752FFD06DD0098B690 /* CompanionService 2.swift in Sources */ = {isa = PBXBuildFile; fileRef = EB15D8742FFD06DD0098B690 /* CompanionService 2.swift */; };
		EB15D8772FFD06EF0098B690 /* CompanionMessage.swift in Sources */ = {isa = PBXBuildFile; fileRef = EB15D8762FFD06EF0098B690 /* CompanionMessage.swift */; };
		EB15D8792FFD07130098B690 /* CompanionView.swift in Sources */ = {isa = PBXBuildFile; fileRef = EB15D8782FFD07130098B690 /* CompanionView.swift */; };
		F188BAFE84A60CAD8CCDBA5B /* KnowledgeApp.swift in Sources */ = {isa = PBXBuildFile; fileRef = 3DD135397EAB7233199FA6BB /* KnowledgeApp.swift */; };
		F369DB20693DA0E82EBE1FF9 /* SpeechService.swift in Sources */ = {isa = PBXBuildFile; fileRef = 650FA3D5817B693720E7C24A /* SpeechService.swift */; };
		F56DF3AE955D0B7687C889DB /* VoiceCloneView.swift in Sources */ = {isa = PBXBuildFile; fileRef = 6F0F5553C0145BB8213C1372 /* VoiceCloneView.swift */; };
		F7B29584FE152B7FF6994A55 /* SummaryCardView.swift in Sources */ = {isa = PBXBuildFile; fileRef = 26C68A4A417DC388729302A2 /* SummaryCardView.swift */; };
		Z6A7B8C9D0E1F2A3B4C5D6E7F /* Assets.xcassets in Resources */ = {isa = PBXBuildFile; fileRef = Z1B2C3D4E5F6A7B8C9D0E1F2A3 /* Assets.xcassets */; };
/* End PBXBuildFile section */

/* Begin PBXFileReference section */
		010FCAC7A1C418C1FDDD0BC3 /* SpeakerViewModel.swift */ = {isa = PBXFileReference; lastKnownFileType = sourcecode.swift; path = SpeakerViewModel.swift; sourceTree = "<group>"; };
		178E2B8E17719705B9B76D0D /* AppDelegate.swift */ = {isa = PBXFileReference; lastKnownFileType = sourcecode.swift; path = AppDelegate.swift; sourceTree = "<group>"; };
		1A2B3C4D5E6F7A8B9C0D1E2F /* ShareExtensionHandler.swift */ = {isa = PBXFileReference; lastKnownFileType = sourcecode.swift; path = ShareExtensionHandler.swift; sourceTree = "<group>"; };
		2108F219FDC474BFC8A00E14 /* AISummaryService.swift */ = {isa = PBXFileReference; lastKnownFileType = sourcecode.swift; path = AISummaryService.swift; sourceTree = "<group>"; };
		24681123362549C2B5920A14 /* ThemeMode.swift */ = {isa = PBXFileReference; lastKnownFileType = sourcecode.swift; path = ThemeMode.swift; sourceTree = "<group>"; };
		26C68A4A417DC388729302A2 /* SummaryCardView.swift */ = {isa = PBXFileReference; lastKnownFileType = sourcecode.swift; path = SummaryCardView.swift; sourceTree = "<group>"; };
		2741B587F01BE600A64A0CDF /* SummaryResult.swift */ = {isa = PBXFileReference; lastKnownFileType = sourcecode.swift; path = SummaryResult.swift; sourceTree = "<group>"; };
		2B96D7B260A7F7AE01CBF76A /* AudioSessionService.swift */ = {isa = PBXFileReference; lastKnownFileType = sourcecode.swift; path = AudioSessionService.swift; sourceTree = "<group>"; };
		2E767185A460A5B10E3903F8 /* LanguageDetector.swift */ = {isa = PBXFileReference; lastKnownFileType = sourcecode.swift; path = LanguageDetector.swift; sourceTree = "<group>"; };
		353FF0E7B7908D487C2B608E /* PlayerView.swift */ = {isa = PBXFileReference; lastKnownFileType = sourcecode.swift; path = PlayerView.swift; sourceTree = "<group>"; };
		3DD135397EAB7233199FA6BB /* KnowledgeApp.swift */ = {isa = PBXFileReference; lastKnownFileType = sourcecode.swift; path = KnowledgeApp.swift; sourceTree = "<group>"; };
		3FEEB5DCA74C026513A9C662 /* DocumentPicker.swift */ = {isa = PBXFileReference; lastKnownFileType = sourcecode.swift; path = DocumentPicker.swift; sourceTree = "<group>"; };
		40292C37BB6F714942F65E06 /* DocumentRowView.swift */ = {isa = PBXFileReference; lastKnownFileType = sourcecode.swift; path = DocumentRowView.swift; sourceTree = "<group>"; };
		41D103445FE21E8FBB0D7ACE /* ContentView.swift */ = {isa = PBXFileReference; lastKnownFileType = sourcecode.swift; path = ContentView.swift; sourceTree = "<group>"; };
		41E7259B8612CC32A8F21C00 /* PlayerControlsView.swift */ = {isa = PBXFileReference; lastKnownFileType = sourcecode.swift; path = PlayerControlsView.swift; sourceTree = "<group>"; };
		49A3001B76A7D375719E9CF4 /* DocumentListView.swift */ = {isa = PBXFileReference; lastKnownFileType = sourcecode.swift; path = DocumentListView.swift; sourceTree = "<group>"; };
		4B997CE9364FC87DE4EA6A8F /* VoiceConfig.swift */ = {isa = PBXFileReference; lastKnownFileType = sourcecode.swift; path = VoiceConfig.swift; sourceTree = "<group>"; };
		4F996F2721C427DC1CFE8803 /* NowPlayingService.swift */ = {isa = PBXFileReference; lastKnownFileType = sourcecode.swift; path = NowPlayingService.swift; sourceTree = "<group>"; };
		51F2B740A37D27FAB273081B /* SpeechSynthesizerProtocol.swift */ = {isa = PBXFileReference; lastKnownFileType = sourcecode.swift; path = SpeechSynthesizerProtocol.swift; sourceTree = "<group>"; };
		5FE0F01778A82A0CDF274BF0 /* SettingsView.swift */ = {isa = PBXFileReference; lastKnownFileType = sourcecode.swift; path = SettingsView.swift; sourceTree = "<group>"; };
		650FA3D5817B693720E7C24A /* SpeechService.swift */ = {isa = PBXFileReference; lastKnownFileType = sourcecode.swift; path = SpeechService.swift; sourceTree = "<group>"; };
		6F0F5553C0145BB8213C1372 /* VoiceCloneView.swift */ = {isa = PBXFileReference; lastKnownFileType = sourcecode.swift; path = VoiceCloneView.swift; sourceTree = "<group>"; };
		9BE56C7556829E5992850159 /* CosyVoiceSynthesizer.swift */ = {isa = PBXFileReference; lastKnownFileType = sourcecode.swift; path = CosyVoiceSynthesizer.swift; sourceTree = "<group>"; };
		9F39EF664636F59FD1FA5C2D /* PlaybackState.swift */ = {isa = PBXFileReference; lastKnownFileType = sourcecode.swift; path = PlaybackState.swift; sourceTree = "<group>"; };
		A1FF96F1D51F3ADFDC9934A4 /* VoiceSelectView.swift */ = {isa = PBXFileReference; lastKnownFileType = sourcecode.swift; path = VoiceSelectView.swift; sourceTree = "<group>"; };
		A3B4C5D6E7F8A9B0C1D2E3F4 /* ShareExtension.appex */ = {isa = PBXFileReference; explicitFileType = "wrapper.app-extension"; includeInIndex = 0; path = ShareExtension.appex; sourceTree = BUILT_PRODUCTS_DIR; };
		B2C3D4E5F6A7B8C9D0E1F2A3 /* ShareViewController.swift */ = {isa = PBXFileReference; lastKnownFileType = sourcecode.swift; path = ShareViewController.swift; sourceTree = "<group>"; };
		B5FDB6D803CD345BCC10A093 /* ErrorHandler.swift */ = {isa = PBXFileReference; lastKnownFileType = sourcecode.swift; path = ErrorHandler.swift; sourceTree = "<group>"; };
		B706E258FC3352EB1EB7194E /* Info.plist */ = {isa = PBXFileReference; lastKnownFileType = text.plist.xml; path = Info.plist; sourceTree = "<group>"; };
		BD165D274BDD6BC995863DCB /* ClonedVoice.swift */ = {isa = PBXFileReference; lastKnownFileType = sourcecode.swift; path = ClonedVoice.swift; sourceTree = "<group>"; };
		C3D4E5F6A7B8C9D0E1F2A3B4 /* Info.plist */ = {isa = PBXFileReference; lastKnownFileType = text.plist.xml; path = Info.plist; sourceTree = "<group>"; };
		CCD56356D29E04036FEB3B18 /* APIKeyConfigView.swift */ = {isa = PBXFileReference; lastKnownFileType = sourcecode.swift; path = APIKeyConfigView.swift; sourceTree = "<group>"; };
		CD2FF9A9B2611C44593160A1 /* CosyVoiceService.swift */ = {isa = PBXFileReference; lastKnownFileType = sourcecode.swift; path = CosyVoiceService.swift; sourceTree = "<group>"; };
		D72A05CEA76127CDE65DB96E /* Document.swift */ = {isa = PBXFileReference; lastKnownFileType = sourcecode.swift; path = Document.swift; sourceTree = "<group>"; };
		DF9D95D8AAA6880C262B67BF /* TextExtractionService.swift */ = {isa = PBXFileReference; lastKnownFileType = sourcecode.swift; path = TextExtractionService.swift; sourceTree = "<group>"; };
		EB15D8742FFD06DD0098B690 /* CompanionService 2.swift */ = {isa = PBXFileReference; lastKnownFileType = sourcecode.swift; path = "CompanionService 2.swift"; sourceTree = "<group>"; };
		EB15D8762FFD06EF0098B690 /* CompanionMessage.swift */ = {isa = PBXFileReference; lastKnownFileType = sourcecode.swift; path = CompanionMessage.swift; sourceTree = "<group>"; };
		EB15D8782FFD07130098B690 /* CompanionView.swift */ = {isa = PBXFileReference; lastKnownFileType = sourcecode.swift; path = CompanionView.swift; sourceTree = "<group>"; };
		F0DA3FA5CB454C77B3E28FA6 /* ThemeManager.swift */ = {isa = PBXFileReference; lastKnownFileType = sourcecode.swift; path = ThemeManager.swift; sourceTree = "<group>"; };
		F5BF48AA40CAD7891EB709FC /* Knowledge.app */ = {isa = PBXFileReference; explicitFileType = wrapper.application; includeInIndex = 0; path = Knowledge.app; sourceTree = BUILT_PRODUCTS_DIR; };
		Z1B2C3D4E5F6A7B8C9D0E1F2A3 /* Assets.xcassets */ = {isa = PBXFileReference; lastKnownFileType = folder.assetcatalog; path = Assets.xcassets; sourceTree = "<group>"; };
/* End PBXFileReference section */

/* Begin PBXFrameworksBuildPhase section */
		4F6F5CC3FCCF73F75AE9CCF4 /* Frameworks */ = {
			isa = PBXFrameworksBuildPhase;
			buildActionMask = 2147483647;
			files = (
			);
			runOnlyForDeploymentPostprocessing = 0;
		};
		A9B0C1D2E3F4A5B6C7D8E9F0 /* Frameworks */ = {
			isa = PBXFrameworksBuildPhase;
			buildActionMask = 2147483647;
			files = (
			);
			runOnlyForDeploymentPostprocessing = 0;
		};
/* End PBXFrameworksBuildPhase section */

/* Begin PBXGroup section */
		116CFC538568C7F3D9EBA873 /* ViewModels */ = {
			isa = PBXGroup;
			children = (
				010FCAC7A1C418C1FDDD0BC3 /* SpeakerViewModel.swift */,
			);
			path = ViewModels;
			sourceTree = "<group>";
		};
		4FB096A4286A77BD94438835 /* Services */ = {
			isa = PBXGroup;
			children = (
				EB15D8782FFD07130098B690 /* CompanionView.swift */,
				EB15D8762FFD06EF0098B690 /* CompanionMessage.swift */,
				EB15D8742FFD06DD0098B690 /* CompanionService 2.swift */,
				2B96D7B260A7F7AE01CBF76A /* AudioSessionService.swift */,
				B5FDB6D803CD345BCC10A093 /* ErrorHandler.swift */,
				2E767185A460A5B10E3903F8 /* LanguageDetector.swift */,
				4F996F2721C427DC1CFE8803 /* NowPlayingService.swift */,
				650FA3D5817B693720E7C24A /* SpeechService.swift */,
				51F2B740A37D27FAB273081B /* SpeechSynthesizerProtocol.swift */,
				DF9D95D8AAA6880C262B67BF /* TextExtractionService.swift */,
				1A2B3C4D5E6F7A8B9C0D1E2F /* ShareExtensionHandler.swift */,
				F0DA3FA5CB454C77B3E28FA6 /* ThemeManager.swift */,
				2108F219FDC474BFC8A00E14 /* AISummaryService.swift */,
				CD2FF9A9B2611C44593160A1 /* CosyVoiceService.swift */,
				9BE56C7556829E5992850159 /* CosyVoiceSynthesizer.swift */,
			);
			path = Services;
			sourceTree = "<group>";
		};
		5928955287B8089ED2177128 /*  */ = {
			isa = PBXGroup;
			children = (
				C2E0A4CA48C8DE8CE6F922AF /* App */,
				AB57A527D1BA9FBFB236028F /* Models */,
				4FB096A4286A77BD94438835 /* Services */,
				9C60034CBA2AD2849CB99712 /* UIKit */,
				116CFC538568C7F3D9EBA873 /* ViewModels */,
				FBFEB98686E6F3BFAB5373E4 /* Views */,
				7054D1C56C5BDAEF5013B5BF /* Resources */,
				D4E5F6A7B8C9D0E1F2A3B4C5 /* ShareExtension */,
				BF7A2D27A78D590BDEF15AF2 /* Products */,
			);
			indentWidth = 4;
			name = "";
			sourceTree = "<group>";
			usesTabs = 0;
		};
		7054D1C56C5BDAEF5013B5BF /* Resources */ = {
			isa = PBXGroup;
			children = (
				B706E258FC3352EB1EB7194E /* Info.plist */,
				Z1B2C3D4E5F6A7B8C9D0E1F2A3 /* Assets.xcassets */,
			);
			path = Resources;
			sourceTree = "<group>";
		};
		9C60034CBA2AD2849CB99712 /* UIKit */ = {
			isa = PBXGroup;
			children = (
				3FEEB5DCA74C026513A9C662 /* DocumentPicker.swift */,
			);
			path = UIKit;
			sourceTree = "<group>";
		};
		AB57A527D1BA9FBFB236028F /* Models */ = {
			isa = PBXGroup;
			children = (
				D72A05CEA76127CDE65DB96E /* Document.swift */,
				9F39EF664636F59FD1FA5C2D /* PlaybackState.swift */,
				4B997CE9364FC87DE4EA6A8F /* VoiceConfig.swift */,
				24681123362549C2B5920A14 /* ThemeMode.swift */,
				BD165D274BDD6BC995863DCB /* ClonedVoice.swift */,
				2741B587F01BE600A64A0CDF /* SummaryResult.swift */,
			);
			path = Models;
			sourceTree = "<group>";
		};
		BF7A2D27A78D590BDEF15AF2 /* Products */ = {
			isa = PBXGroup;
			children = (
				F5BF48AA40CAD7891EB709FC /* Knowledge.app */,
				A3B4C5D6E7F8A9B0C1D2E3F4 /* ShareExtension.appex */,
			);
			name = Products;
			sourceTree = "<group>";
		};
		C2E0A4CA48C8DE8CE6F922AF /* App */ = {
			isa = PBXGroup;
			children = (
				178E2B8E17719705B9B76D0D /* AppDelegate.swift */,
				3DD135397EAB7233199FA6BB /* KnowledgeApp.swift */,
			);
			path = App;
			sourceTree = "<group>";
		};
		D4E5F6A7B8C9D0E1F2A3B4C5 /* ShareExtension */ = {
			isa = PBXGroup;
			children = (
				B2C3D4E5F6A7B8C9D0E1F2A3 /* ShareViewController.swift */,
				C3D4E5F6A7B8C9D0E1F2A3B4 /* Info.plist */,
			);
			path = ShareExtension;
			sourceTree = "<group>";
		};
		FBFEB98686E6F3BFAB5373E4 /* Views */ = {
			isa = PBXGroup;
			children = (
				41D103445FE21E8FBB0D7ACE /* ContentView.swift */,
				49A3001B76A7D375719E9CF4 /* DocumentListView.swift */,
				40292C37BB6F714942F65E06 /* DocumentRowView.swift */,
				41E7259B8612CC32A8F21C00 /* PlayerControlsView.swift */,
				353FF0E7B7908D487C2B608E /* PlayerView.swift */,
				5FE0F01778A82A0CDF274BF0 /* SettingsView.swift */,
				CCD56356D29E04036FEB3B18 /* APIKeyConfigView.swift */,
				26C68A4A417DC388729302A2 /* SummaryCardView.swift */,
				6F0F5553C0145BB8213C1372 /* VoiceCloneView.swift */,
				A1FF96F1D51F3ADFDC9934A4 /* VoiceSelectView.swift */,
			);
			path = Views;
			sourceTree = "<group>";
		};
/* End PBXGroup section */

/* Begin PBXNativeTarget section */
		42AEFBAE01D2DFD981F7DA7D /* Knowledge */ = {
			isa = PBXNativeTarget;
			buildConfigurationList = AFD04581184175117C78D9AC /* Build configuration list for PBXNativeTarget "Knowledge" */;
			buildPhases = (
				F2AB5FB218DA8B84623F4557 /* Sources */,
				4F6F5CC3FCCF73F75AE9CCF4 /* Frameworks */,
				55B558C7EF820E6E00E5993B /* Resources */,
			);
			buildRules = (
			);
			dependencies = (
			);
			name = Knowledge;
			productName = Knowledge;
			productReference = F5BF48AA40CAD7891EB709FC /* Knowledge.app */;
			productType = "com.apple.product-type.application";
		};
		E5F6A7B8C9D0E1F2A3B4C5D6 /* ShareExtension */ = {
			isa = PBXNativeTarget;
			buildConfigurationList = F6A7B8C9D0E1F2A3B4C5D6E7 /* Build configuration list for PBXNativeTarget "ShareExtension" */;
			buildPhases = (
				D0E1F2A3B4C5D6E7F8A9B0C1 /* Sources */,
				A9B0C1D2E3F4A5B6C7D8E9F0 /* Frameworks */,
				B4C5D6E7F8A9B0C1D2E3F4A5 /* Resources */,
			);
			buildRules = (
			);
			dependencies = (
			);
			name = ShareExtension;
			productName = ShareExtension;
			productReference = A3B4C5D6E7F8A9B0C1D2E3F4 /* ShareExtension.appex */;
			productType = "com.apple.product-type.app-extension";
		};
/* End PBXNativeTarget section */

/* Begin PBXProject section */
		46F86FAA6BBF9AC94A7E4595 /* Project object */ = {
			isa = PBXProject;
			attributes = {
				BuildIndependentTargetsInParallel = 1;
				LastSwiftUpdateCheck = 2600;
				LastUpgradeCheck = 2600;
			};
			buildConfigurationList = A6392603704BC67DABF5ACDA /* Build configuration list for PBXProject "Knowledge" */;
			compatibilityVersion = "Xcode 14.0";
			developmentRegion = "zh-Hans";
			hasScannedForEncodings = 0;
			knownRegions = (
				en,
				Base,
				"zh-Hans",
			);
			mainGroup = 5928955287B8089ED2177128 /*  */;
			productRefGroup = BF7A2D27A78D590BDEF15AF2 /* Products */;
			projectDirPath = "";
			projectRoot = "";
			targets = (
				42AEFBAE01D2DFD981F7DA7D /* Knowledge */,
				E5F6A7B8C9D0E1F2A3B4C5D6 /* ShareExtension */,
			);
		};
/* End PBXProject section */

/* Begin PBXResourcesBuildPhase section */
		55B558C7EF820E6E00E5993B /* Resources */ = {
			isa = PBXResourcesBuildPhase;
			buildActionMask = 2147483647;
			files = (
				Z6A7B8C9D0E1F2A3B4C5D6E7F /* Assets.xcassets in Resources */,
			);
			runOnlyForDeploymentPostprocessing = 0;
		};
		B4C5D6E7F8A9B0C1D2E3F4A5 /* Resources */ = {
			isa = PBXResourcesBuildPhase;
			buildActionMask = 2147483647;
			files = (
			);
			runOnlyForDeploymentPostprocessing = 0;
		};
/* End PBXResourcesBuildPhase section */

/* Begin PBXSourcesBuildPhase section */
		D0E1F2A3B4C5D6E7F8A9B0C1 /* Sources */ = {
			isa = PBXSourcesBuildPhase;
			buildActionMask = 2147483647;
			files = (
				A1B2C3D4E5F6A7B8C9D0E1F2 /* ShareViewController.swift in Sources */,
			);
			runOnlyForDeploymentPostprocessing = 0;
		};
		F2AB5FB218DA8B84623F4557 /* Sources */ = {
			isa = PBXSourcesBuildPhase;
			buildActionMask = 2147483647;
			files = (
				0194D25DE4933223F1FD5C63 /* AppDelegate.swift in Sources */,
				F188BAFE84A60CAD8CCDBA5B /* KnowledgeApp.swift in Sources */,
				202ECEBA48841EAB8D168BB9 /* Document.swift in Sources */,
				BFFF14D99BE365358D80FA0A /* PlaybackState.swift in Sources */,
				95F9774DA2884E0E2618AEBD /* VoiceConfig.swift in Sources */,
				EB15D8752FFD06DD0098B690 /* CompanionService 2.swift in Sources */,
				4E93C25917D659F4C7B4E091 /* AudioSessionService.swift in Sources */,
				486F6C074A4A4FD29807A0AB /* ErrorHandler.swift in Sources */,
				9CD5C7E64BF5AF50AE79E892 /* LanguageDetector.swift in Sources */,
				E69554A142DFDE312E8A54E8 /* NowPlayingService.swift in Sources */,
				F369DB20693DA0E82EBE1FF9 /* SpeechService.swift in Sources */,
				77281A89A8ECA8D030EF80BC /* SpeechSynthesizerProtocol.swift in Sources */,
				E448FACB9627E10892C3E3B0 /* TextExtractionService.swift in Sources */,
				553ECC30484D9C731164235D /* DocumentPicker.swift in Sources */,
				EB15D8772FFD06EF0098B690 /* CompanionMessage.swift in Sources */,
				AEF3E69053B4F3DFC9AA3FF3 /* SpeakerViewModel.swift in Sources */,
				75628E832B173A79A78C0748 /* ContentView.swift in Sources */,
				E3BF88FE6254C99735AA5ABC /* DocumentListView.swift in Sources */,
				B65186DFA68CAA0110AF98C2 /* DocumentRowView.swift in Sources */,
				A55B319EC4410490DB345C29 /* PlayerControlsView.swift in Sources */,
				349299CC2B017ABC5EFBD828 /* PlayerView.swift in Sources */,
				1ED9AE877F6B92AE3A311987 /* SettingsView.swift in Sources */,
				0A1B2C3D4E5F6A7B8C9D0E1F /* ShareExtensionHandler.swift in Sources */,
				ACF2CBD6D61B4FB18C7E0CFF /* ThemeMode.swift in Sources */,
				540FA32216B147CD834BCBA1 /* ThemeManager.swift in Sources */,
				70514E4AEF136CEC171294B2 /* ClonedVoice.swift in Sources */,
				E119FF079BDE6F116F9DE819 /* SummaryResult.swift in Sources */,
				EB15D8792FFD07130098B690 /* CompanionView.swift in Sources */,
				CB35E63DC4A50F5311668C62 /* AISummaryService.swift in Sources */,
				2307C848FE02329AF1A37739 /* CosyVoiceService.swift in Sources */,
				B03CB3DF4ECE98746FDBE028 /* CosyVoiceSynthesizer.swift in Sources */,
				1DA73C1450D667169FA7796B /* APIKeyConfigView.swift in Sources */,
				F7B29584FE152B7FF6994A55 /* SummaryCardView.swift in Sources */,
				F56DF3AE955D0B7687C889DB /* VoiceCloneView.swift in Sources */,
				61FB6C58D0D46A5E28B16618 /* VoiceSelectView.swift in Sources */,
			);
			runOnlyForDeploymentPostprocessing = 0;
		};
/* End PBXSourcesBuildPhase section */

/* Begin XCBuildConfiguration section */
		4DC7B479A29173674AFD7BAC /* Release */ = {
			isa = XCBuildConfiguration;
			buildSettings = {
				ASSETCATALOG_COMPILER_APPICON_NAME = AppIcon;
				CODE_SIGN_STYLE = Automatic;
				CURRENT_PROJECT_VERSION = 1;
				ENABLE_PREVIEWS = YES;
				GENERATE_INFOPLIST_FILE = YES;
				INFOPLIST_FILE = Resources/Info.plist;
				INFOPLIST_KEY_CFBundleDisplayName = Knowledge;
				INFOPLIST_KEY_UIApplicationSceneManifest_Generation = YES;
				INFOPLIST_KEY_UIApplicationSupportsIndirectInputEvents = YES;
				INFOPLIST_KEY_UILaunchScreen_Generation = YES;
				INFOPLIST_KEY_UISupportedInterfaceOrientations = UIInterfaceOrientationPortrait;
				INFOPLIST_KEY_UISupportedInterfaceOrientations_iPad = "UIInterfaceOrientationPortrait UIInterfaceOrientationPortraitUpsideDown UIInterfaceOrientationLandscapeLeft UIInterfaceOrientationLandscapeRight";
				LD_RUNPATH_SEARCH_PATHS = (
					"$(inherited)",
					"@executable_path/Frameworks",
				);
				MARKETING_VERSION = 1.0;
				PRODUCT_BUNDLE_IDENTIFIER = com.knowledge.app;
				PRODUCT_NAME = "$(TARGET_NAME)";
				SWIFT_EMIT_LOC_STRINGS = YES;
				SWIFT_VERSION = 5.0;
				TARGETED_DEVICE_FAMILY = "1,2";
			};
			name = Release;
		};
		683105B965893FCC643C4ECF /* Debug */ = {
			isa = XCBuildConfiguration;
			buildSettings = {
				ASSETCATALOG_COMPILER_APPICON_NAME = AppIcon;
				CODE_SIGN_STYLE = Automatic;
				CURRENT_PROJECT_VERSION = 1;
				ENABLE_PREVIEWS = YES;
				GENERATE_INFOPLIST_FILE = YES;
				INFOPLIST_FILE = Resources/Info.plist;
				INFOPLIST_KEY_CFBundleDisplayName = Knowledge;
				INFOPLIST_KEY_UIApplicationSceneManifest_Generation = YES;
				INFOPLIST_KEY_UIApplicationSupportsIndirectInputEvents = YES;
				INFOPLIST_KEY_UILaunchScreen_Generation = YES;
				INFOPLIST_KEY_UISupportedInterfaceOrientations = UIInterfaceOrientationPortrait;
				INFOPLIST_KEY_UISupportedInterfaceOrientations_iPad = "UIInterfaceOrientationPortrait UIInterfaceOrientationPortraitUpsideDown UIInterfaceOrientationLandscapeLeft UIInterfaceOrientationLandscapeRight";
				LD_RUNPATH_SEARCH_PATHS = (
					"$(inherited)",
					"@executable_path/Frameworks",
				);
				MARKETING_VERSION = 1.0;
				PRODUCT_BUNDLE_IDENTIFIER = com.knowledge.app;
				PRODUCT_NAME = "$(TARGET_NAME)";
				SWIFT_EMIT_LOC_STRINGS = YES;
				SWIFT_VERSION = 5.0;
				TARGETED_DEVICE_FAMILY = "1,2";
			};
			name = Debug;
		};
		71307F56FE0F050CBFE8BD6D /* Debug */ = {
			isa = XCBuildConfiguration;
			buildSettings = {
				ALWAYS_SEARCH_USER_PATHS = NO;
				CLANG_ANALYZER_NONNULL = YES;
				CLANG_CXX_LANGUAGE_STANDARD = "gnu++20";
				CLANG_ENABLE_MODULES = YES;
				CLANG_ENABLE_OBJC_ARC = YES;
				COPY_PHASE_STRIP = NO;
				DEBUG_INFORMATION_FORMAT = dwarf;
				ENABLE_STRICT_OBJC_MSGSEND = YES;
				ENABLE_TESTABILITY = YES;
				GCC_DYNAMIC_NO_PIC = NO;
				GCC_OPTIMIZATION_LEVEL = 0;
				GCC_PREPROCESSOR_DEFINITIONS = (
					"DEBUG=1",
					"$(inherited)",
				);
				IPHONEOS_DEPLOYMENT_TARGET = 17.0;
				MTL_ENABLE_DEBUG_INFO = INCLUDE_SOURCE;
				ONLY_ACTIVE_ARCH = YES;
				SDKROOT = iphoneos;
				SWIFT_ACTIVE_COMPILATION_CONDITIONS = DEBUG;
				SWIFT_OPTIMIZATION_LEVEL = "-Onone";
			};
			name = Debug;
		};
		C5D6E7F8A9B0C1D2E3F4A5B6 /* Debug */ = {
			isa = XCBuildConfiguration;
			buildSettings = {
				CODE_SIGN_STYLE = Automatic;
				CURRENT_PROJECT_VERSION = 1;
				GENERATE_INFOPLIST_FILE = YES;
				INFOPLIST_FILE = ShareExtension/Info.plist;
				INFOPLIST_KEY_CFBundleDisplayName = "挠荔枝";
				LD_RUNPATH_SEARCH_PATHS = (
					"$(inherited)",
					"@executable_path/Frameworks",
					"@executable_path/../../Frameworks",
				);
				MARKETING_VERSION = 1.0;
				PRODUCT_BUNDLE_IDENTIFIER = com.knowledge.app.ShareExtension;
				PRODUCT_NAME = "$(TARGET_NAME)";
				SKIP_INSTALL = YES;
				SWIFT_EMIT_LOC_STRINGS = YES;
				SWIFT_VERSION = 5.0;
				TARGETED_DEVICE_FAMILY = "1,2";
			};
			name = Debug;
		};
		D4147F9DEB4AD84BF3A14790 /* Release */ = {
			isa = XCBuildConfiguration;
			buildSettings = {
				ALWAYS_SEARCH_USER_PATHS = NO;
				CLANG_ANALYZER_NONNULL = YES;
				CLANG_CXX_LANGUAGE_STANDARD = "gnu++20";
				CLANG_ENABLE_MODULES = YES;
				CLANG_ENABLE_OBJC_ARC = YES;
				COPY_PHASE_STRIP = NO;
				DEBUG_INFORMATION_FORMAT = "dwarf-with-dsym";
				ENABLE_NS_ASSERTIONS = NO;
				ENABLE_STRICT_OBJC_MSGSEND = YES;
				GCC_OPTIMIZATION_LEVEL = s;
				IPHONEOS_DEPLOYMENT_TARGET = 17.0;
				MTL_ENABLE_DEBUG_INFO = NO;
				SDKROOT = iphoneos;
				SWIFT_COMPILATION_MODE = wholemodule;
				SWIFT_OPTIMIZATION_LEVEL = "-O";
				VALIDATE_PRODUCT = YES;
			};
			name = Release;
		};
		E7F8A9B0C1D2E3F4A5B6C7D8 /* Release */ = {
			isa = XCBuildConfiguration;
			buildSettings = {
				CODE_SIGN_STYLE = Automatic;
				CURRENT_PROJECT_VERSION = 1;
				GENERATE_INFOPLIST_FILE = YES;
				INFOPLIST_FILE = ShareExtension/Info.plist;
				INFOPLIST_KEY_CFBundleDisplayName = "挠荔枝";
				LD_RUNPATH_SEARCH_PATHS = (
					"$(inherited)",
					"@executable_path/Frameworks",
					"@executable_path/../../Frameworks",
				);
				MARKETING_VERSION = 1.0;
				PRODUCT_BUNDLE_IDENTIFIER = com.knowledge.app.ShareExtension;
				PRODUCT_NAME = "$(TARGET_NAME)";
				SKIP_INSTALL = YES;
				SWIFT_EMIT_LOC_STRINGS = YES;
				SWIFT_VERSION = 5.0;
				TARGETED_DEVICE_FAMILY = "1,2";
			};
			name = Release;
		};
/* End XCBuildConfiguration section */

/* Begin XCConfigurationList section */
		A6392603704BC67DABF5ACDA /* Build configuration list for PBXProject "Knowledge" */ = {
			isa = XCConfigurationList;
			buildConfigurations = (
				71307F56FE0F050CBFE8BD6D /* Debug */,
				D4147F9DEB4AD84BF3A14790 /* Release */,
			);
			defaultConfigurationIsVisible = 0;
			defaultConfigurationName = Release;
		};
		AFD04581184175117C78D9AC /* Build configuration list for PBXNativeTarget "Knowledge" */ = {
			isa = XCConfigurationList;
			buildConfigurations = (
				683105B965893FCC643C4ECF /* Debug */,
				4DC7B479A29173674AFD7BAC /* Release */,
			);
			defaultConfigurationIsVisible = 0;
			defaultConfigurationName = Release;
		};
		F6A7B8C9D0E1F2A3B4C5D6E7 /* Build configuration list for PBXNativeTarget "ShareExtension" */ = {
			isa = XCConfigurationList;
			buildConfigurations = (
				C5D6E7F8A9B0C1D2E3F4A5B6 /* Debug */,
				E7F8A9B0C1D2E3F4A5B6C7D8 /* Release */,
			);
			defaultConfigurationIsVisible = 0;
			defaultConfigurationName = Release;
		};
/* End XCConfigurationList section */
	};
	rootObject = 46F86FAA6BBF9AC94A7E4595 /* Project object */;
}
